
Microsoft Visual Studio Solution File, Format Version 12.00
# Visual Studio 15
Project("{FAE04EC0-301F-11D3-BF4B-00C04F79EFBC}") = "AwesomeTodoList.Android", "AwesomeTodoList.Android\AwesomeTodoList.Android.csproj", "{976F8506-3088-4599-AB98-0BC8AF58107F}"
EndProject
Project("{FAE04EC0-301F-11D3-BF4B-00C04F79EFBC}") = "AwesomeTodoList.iOS", "AwesomeTodoList.iOS\AwesomeTodoList.iOS.csproj", "{986B06DD-AAFA-467D-AF32-570ACC689F53}"
EndProject
Project("{FAE04EC0-301F-11D3-BF4B-00C04F79EFBC}") = "AwesomeTodoList", "AwesomeTodoList\AwesomeTodoList.csproj", "{765A51CB-3622-4952-B893-DF9F00082599}"
EndProject
Global
	GlobalSection(SolutionConfigurationPlatforms) = preSolution
		Debug|Any CPU = Debug|Any CPU
		Release|Any CPU = Release|Any CPU
		Debug|iPhoneSimulator = Debug|iPhoneSimulator
		Release|iPhoneSimulator = Release|iPhoneSimulator
		Debug|iPhone = Debug|iPhone
		Release|iPhone = Release|iPhone
		Ad-Hoc|iPhone = Ad-Hoc|iPhone
		AppStore|iPhone = AppStore|iPhone
	EndGlobalSection
	GlobalSection(ProjectConfigurationPlatforms) = postSolution
		{976F8506-3088-4599-AB98-0BC8AF58107F}.Debug|Any CPU.ActiveCfg = Debug|Any CPU
		{976F8506-3088-4599-AB98-0BC8AF58107F}.Debug|Any CPU.Build.0 = Debug|Any CPU
		{976F8506-3088-4599-AB98-0BC8AF58107F}.Release|Any CPU.ActiveCfg = Release|Any CPU
		{976F8506-3088-4599-AB98-0BC8AF58107F}.Release|Any CPU.Build.0 = Release|Any CPU
		{976F8506-3088-4599-AB98-0BC8AF58107F}.Debug|iPhoneSimulator.ActiveCfg = Debug|Any CPU
		{976F8506-3088-4599-AB98-0BC8AF58107F}.Debug|iPhoneSimulator.Build.0 = Debug|Any CPU
		{976F8506-3088-4599-AB98-0BC8AF58107F}.Release|iPhoneSimulator.ActiveCfg = Release|Any CPU
		{976F8506-3088-4599-AB98-0BC8AF58107F}.Release|iPhoneSimulator.Build.0 = Release|Any CPU
		{976F8506-3088-4599-AB98-0BC8AF58107F}.Debug|iPhone.ActiveCfg = Debug|Any CPU
		{976F8506-3088-4599-AB98-0BC8AF58107F}.Debug|iPhone.Build.0 = Debug|Any CPU
		{976F8506-3088-4599-AB98-0BC8AF58107F}.Release|iPhone.ActiveCfg = Release|Any CPU
		{976F8506-3088-4599-AB98-0BC8AF58107F}.Release|iPhone.Build.0 = Release|Any CPU
		{976F8506-3088-4599-AB98-0BC8AF58107F}.Ad-Hoc|iPhone.ActiveCfg = Debug|Any CPU
		{976F8506-3088-4599-AB98-0BC8AF58107F}.Ad-Hoc|iPhone.Build.0 = Debug|Any CPU
		{976F8506-3088-4599-AB98-0BC8AF58107F}.AppStore|iPhone.ActiveCfg = Debug|Any CPU
		{976F8506-3088-4599-AB98-0BC8AF58107F}.AppStore|iPhone.Build.0 = Debug|Any CPU
		{986B06DD-AAFA-467D-AF32-570ACC689F53}.Debug|Any CPU.ActiveCfg = Debug|iPhoneSimulator
		{986B06DD-AAFA-467D-AF32-570ACC689F53}.Debug|Any CPU.Build.0 = Debug|iPhoneSimulator
		{986B06DD-AAFA-467D-AF32-570ACC689F53}.Release|Any CPU.ActiveCfg = Release|iPhoneSimulator
		{986B06DD-AAFA-467D-AF32-570ACC689F53}.Release|Any CPU.Build.0 = Release|iPhoneSimulator
		{986B06DD-AAFA-467D-AF32-570ACC689F53}.Debug|iPhoneSimulator.ActiveCfg = Debug|iPhoneSimulator
		{986B06DD-AAFA-467D-AF32-570ACC689F53}.Debug|iPhoneSimulator.Build.0 = Debug|iPhoneSimulator
		{986B06DD-AAFA-467D-AF32-570ACC689F53}.Release|iPhoneSimulator.ActiveCfg = Release|iPhoneSimulator
		{986B06DD-AAFA-467D-AF32-570ACC689F53}.Release|iPhoneSimulator.Build.0 = Release|iPhoneSimulator
		{986B06DD-AAFA-467D-AF32-570ACC689F53}.Debug|iPhone.ActiveCfg = Debug|iPhone
		{986B06DD-AAFA-467D-AF32-570ACC689F53}.Debug|iPhone.Build.0 = Debug|iPhone
		{986B06DD-AAFA-467D-AF32-570ACC689F53}.Release|iPhone.ActiveCfg = Release|iPhone
		{986B06DD-AAFA-467D-AF32-570ACC689F53}.Release|iPhone.Build.0 = Release|iPhone
		{986B06DD-AAFA-467D-AF32-570ACC689F53}.Ad-Hoc|iPhone.ActiveCfg = Ad-Hoc|iPhone
		{986B06DD-AAFA-467D-AF32-570ACC689F53}.Ad-Hoc|iPhone.Build.0 = Ad-Hoc|iPhone
		{986B06DD-AAFA-467D-AF32-570ACC689F53}.AppStore|iPhone.ActiveCfg = AppStore|iPhone
		{986B06DD-AAFA-467D-AF32-570ACC689F53}.AppStore|iPhone.Build.0 = AppStore|iPhone
		{765A51CB-3622-4952-B893-DF9F00082599}.Debug|Any CPU.ActiveCfg = Debug|Any CPU
		{765A51CB-3622-4952-B893-DF9F00082599}.Debug|Any CPU.Build.0 = Debug|Any CPU
		{765A51CB-3622-4952-B893-DF9F00082599}.Release|Any CPU.ActiveCfg = Release|Any CPU
		{765A51CB-3622-4952-B893-DF9F00082599}.Release|Any CPU.Build.0 = Release|Any CPU
		{765A51CB-3622-4952-B893-DF9F00082599}.Debug|iPhoneSimulator.ActiveCfg = Debug|Any CPU
		{765A51CB-3622-4952-B893-DF9F00082599}.Debug|iPhoneSimulator.Build.0 = Debug|Any CPU
		{765A51CB-3622-4952-B893-DF9F00082599}.Release|iPhoneSimulator.ActiveCfg = Release|Any CPU
		{765A51CB-3622-4952-B893-DF9F00082599}.Release|iPhoneSimulator.Build.0 = Release|Any CPU
		{765A51CB-3622-4952-B893-DF9F00082599}.Debug|iPhone.ActiveCfg = Debug|Any CPU
		{765A51CB-3622-4952-B893-DF9F00082599}.Debug|iPhone.Build.0 = Debug|Any CPU
		{765A51CB-3622-4952-B893-DF9F00082599}.Release|iPhone.ActiveCfg = Release|Any CPU
		{765A51CB-3622-4952-B893-DF9F00082599}.Release|iPhone.Build.0 = Release|Any CPU
		{765A51CB-3622-4952-B893-DF9F00082599}.Ad-Hoc|iPhone.ActiveCfg = Debug|Any CPU
		{765A51CB-3622-4952-B893-DF9F00082599}.Ad-Hoc|iPhone.Build.0 = Debug|Any CPU
		{765A51CB-3622-4952-B893-DF9F00082599}.AppStore|iPhone.ActiveCfg = Debug|Any CPU
		{765A51CB-3622-4952-B893-DF9F00082599}.AppStore|iPhone.Build.0 = Debug|Any CPU
	EndGlobalSection
EndGlobal
